
Microsoft Visual Studio Solution File, Format Version 12.00
# Visual Studio Version 16
VisualStudioVersion = 16.0.30503.244
MinimumVisualStudioVersion = 10.0.40219.1
Project("{FAE04EC0-301F-11D3-BF4B-00C04F79EFBC}") = "RestCountries", "RestCountries\RestCountries.csproj", "{51B16A4D-754F-4D74-AA5B-DFD03CD4D714}"
EndProject
Global
	GlobalSection(SolutionConfigurationPlatforms) = preSolution
		Debug|Any CPU = Debug|Any CPU
		Release|Any CPU = Release|Any CPU
	EndGlobalSection
	GlobalSection(ProjectConfigurationPlatforms) = postSolution
		{51B16A4D-754F-4D74-AA5B-DFD03CD4D714}.Debug|Any CPU.ActiveCfg = Debug|Any CPU
		{51B16A4D-754F-4D74-AA5B-DFD03CD4D714}.Debug|Any CPU.Build.0 = Debug|Any CPU
		{51B16A4D-754F-4D74-AA5B-DFD03CD4D714}.Release|Any CPU.ActiveCfg = Release|Any CPU
		{51B16A4D-754F-4D74-AA5B-DFD03CD4D714}.Release|Any CPU.Build.0 = Release|Any CPU
	EndGlobalSection
	GlobalSection(SolutionProperties) = preSolution
		HideSolutionNode = FALSE
	EndGlobalSection
	GlobalSection(ExtensibilityGlobals) = postSolution
		SolutionGuid = {07E24135-89A1-47F4-8581-28BD1028C34A}
	EndGlobalSection
EndGlobal
